Microsoft Visual Studio Solution File, Format Version 12.00
# Visual Studio 14
VisualStudioVersion = 14.0.25420.1
MinimumVisualStudioVersion = 10.0.40219.1
Project("{F184B08F-C81C-45F6-A57F-5ABD9991F28F}") = "ManageIA", "ManageIA.vbproj", "{2A7C2799-4367-4AC5-957F-5D86F7EC7D5A}"
EndProject
Project("{F184B08F-C81C-45F6-A57F-5ABD9991F28F}") = "IAISUtil", "..\IAISUtil\IAISUtil\IAISUtil.vbproj", "{EFC9B42D-483B-41AF-A187-4AE2C610CA63}"
EndProject
Project("{54435603-DBB4-11D2-8724-00A0C9A8B90C}") = "IAISIA_Exception", "..\SetupIAISIA_Exception\IAISIA_Exception\IAISIA_Exception.vdproj", "{1E5EECE0-2391-42B5-94A8-A6A3B4CE34F7}"
	ProjectSection(ProjectDependencies) = postProject
		{EFC9B42D-483B-41AF-A187-4AE2C610CA63} = {EFC9B42D-483B-41AF-A187-4AE2C610CA63}
	EndProjectSection
EndProject
Global
	GlobalSection(SolutionConfigurationPlatforms) = preSolution
		Debug|Any CPU = Debug|Any CPU
		Release|Any CPU = Release|Any CPU
	EndGlobalSection
	GlobalSection(ProjectConfigurationPlatforms) = postSolution
		{2A7C2799-4367-4AC5-957F-5D86F7EC7D5A}.Debug|Any CPU.ActiveCfg = Debug|Any CPU
		{2A7C2799-4367-4AC5-957F-5D86F7EC7D5A}.Debug|Any CPU.Build.0 = Debug|Any CPU
		{2A7C2799-4367-4AC5-957F-5D86F7EC7D5A}.Release|Any CPU.ActiveCfg = Release|Any CPU
		{2A7C2799-4367-4AC5-957F-5D86F7EC7D5A}.Release|Any CPU.Build.0 = Release|Any CPU
		{EFC9B42D-483B-41AF-A187-4AE2C610CA63}.Debug|Any CPU.ActiveCfg = Debug|Any CPU
		{EFC9B42D-483B-41AF-A187-4AE2C610CA63}.Debug|Any CPU.Build.0 = Debug|Any CPU
		{EFC9B42D-483B-41AF-A187-4AE2C610CA63}.Release|Any CPU.ActiveCfg = Release|Any CPU
		{EFC9B42D-483B-41AF-A187-4AE2C610CA63}.Release|Any CPU.Build.0 = Release|Any CPU
		{1E5EECE0-2391-42B5-94A8-A6A3B4CE34F7}.Debug|Any CPU.ActiveCfg = Debug
		{1E5EECE0-2391-42B5-94A8-A6A3B4CE34F7}.Release|Any CPU.ActiveCfg = Release
		{1E5EECE0-2391-42B5-94A8-A6A3B4CE34F7}.Release|Any CPU.Build.0 = Release
	EndGlobalSection
	GlobalSection(SolutionProperties) = preSolution
		HideSolutionNode = FALSE
	EndGlobalSection
EndGlobal
